# This file is autogenerated, do not edit; changes may be undone by the next 'dep ensure'.


[[projects]]
  digest = "1:02ca095450512851df0e081ced0ff6dfd5f8714850263d3ff39322d23d1e24a4"
  name = "bitbucket.org/creachadair/jrpc2"
  packages = [
    ".",
    "channel",
    "code",
    "handler",
    "metrics",
    "server",
  ]
  pruneopts = "UT"
  revision = "e16bcaf596ee3048abf0ab49d54b7a5d44015e8a"
  version = "v0.0.64"

[[projects]]
  digest = "1:f42982142b398ccfad0c89f215eafd11ca1dc945cee48b2340aea28b53024326"
  name = "bitbucket.org/creachadair/stringset"
  packages = ["."]
  pruneopts = "UT"
  revision = "d4cf324d064255ef8152e4c2e7b9813ebeb99535"
  version = "v0.0.5"

[[projects]]
  digest = "1:90afd0cfdffcc3df7855160ee2954cbca286e23c4eb9cb3d075536c9e4e1b04f"
  name = "github.com/agext/levenshtein"
  packages = ["."]
  pruneopts = "UT"
  revision = "0ded9c86537917af2ff89bc9c78de6bd58477894"
  version = "v1.2.2"

[[projects]]
  digest = "1:2bf7da77216264bb61bd8cb5f3380a03ab509e8a826fe359008d4a6ba0789b13"
  name = "github.com/apparentlymart/go-textseg"
  packages = ["textseg"]
  pruneopts = "UT"
  revision = "fb01f485ebef760e5ee06d55e1b07534dda2d295"
  version = "v1.0.0"

[[projects]]
  digest = "1:ffe9824d294da03b391f44e1ae8281281b4afc1bdaa9588c9097785e3af10cec"
  name = "github.com/davecgh/go-spew"
  packages = ["spew"]
  pruneopts = "UT"
  revision = "8991bc29aa16c548c550c7ff78260e27b9ab7c73"
  version = "v1.1.1"

[[projects]]
  digest = "1:bf40199583e5143d1472fc34d10d6f4b69d97572142acf343b3e43136da40823"
  name = "github.com/google/go-cmp"
  packages = [
    "cmp",
    "cmp/internal/diff",
    "cmp/internal/flags",
    "cmp/internal/function",
    "cmp/internal/value",
  ]
  pruneopts = "UT"
  revision = "6f77996f0c42f7b84e5a2b252227263f93432e9b"
  version = "v0.3.0"

[[projects]]
  digest = "1:88e0b0baeb9072f0a4afbcf12dda615fc8be001d1802357538591155998da21b"
  name = "github.com/hashicorp/go-version"
  packages = ["."]
  pruneopts = "UT"
  revision = "ac23dc3fea5d1a983c43f6a0f6e2c13f0195d8bd"
  version = "v1.2.0"

[[projects]]
  branch = "master"
  digest = "1:528c17ae5e7ec5f8e3941f298ebbec550c16f1b5f465ff5821aeda0c5ce22810"
  name = "github.com/hashicorp/hcl2"
  packages = [
    "ext/typeexpr",
    "gohcl",
    "hcl",
    "hcl/hclsyntax",
    "hcl/json",
    "hclparse",
    "hclwrite",
  ]
  pruneopts = "UT"
  revision = "640445e16309fe82c7df763cbfa874485b5ca885"

[[projects]]
  digest = "1:268cbf8e1fb17d6769793d17f17dda4bd24dae6bbb83375e36fb8b9f15bdf0b5"
  name = "github.com/hashicorp/terraform"
  packages = ["configs"]
  pruneopts = "UT"
  revision = "d48069534832fdb09919a5fe46500755540cbf0a"
  version = "v0.11.13"

[[projects]]
  digest = "1:abf08734a6527df70ed361d7c369fb580e6840d8f7a6012e5f609fdfd93b4e48"
  name = "github.com/mitchellh/go-wordwrap"
  packages = ["."]
  pruneopts = "UT"
  revision = "9e67c67572bc5dd02aef930e2b0ae3c02a4b5a5c"
  version = "v1.0.0"

[[projects]]
  branch = "master"
  digest = "1:6533bbba9e811f4febbd570b309cfeddf997056ddc5ca538bf4a49fb07dc81ab"
  name = "github.com/sourcegraph/go-lsp"
  packages = ["."]
  pruneopts = "UT"
  revision = "0c7d621186c1c8684f3d97868f6970b326609cc7"

[[projects]]
  branch = "master"
  digest = "1:bb98fa3eeab9c32ccf3d6f4690702ddaef0b8300823f9822ddcec88cee0ecb3c"
  name = "github.com/sourcegraph/jsonrpc2"
  packages = ["."]
  pruneopts = "UT"
  revision = "35a74f039c6a54af5bf0402d8f7da046c3f63ba2"

[[projects]]
  digest = "1:bb495ec276ab82d3dd08504bbc0594a65de8c3b22c6f2aaa92d05b73fbf3a82e"
  name = "github.com/spf13/afero"
  packages = [
    ".",
    "mem",
  ]
  pruneopts = "UT"
  revision = "588a75ec4f32903aa5e39a2619ba6a4631e28424"
  version = "v1.2.2"

[[projects]]
  branch = "master"
  digest = "1:1328479ca8490e83595a5bb8d9b18e321412c229d0ba80e727cf659e7b6c9bc1"
  name = "github.com/zclconf/go-cty"
  packages = [
    "cty",
    "cty/convert",
    "cty/function",
    "cty/function/stdlib",
    "cty/gocty",
    "cty/json",
    "cty/set",
  ]
  pruneopts = "UT"
  revision = "d36a6f0dbffd109d058c5d1fc16e74bad85fa96f"

[[projects]]
  branch = "master"
  digest = "1:382bb5a7fb4034db3b6a2d19e5a4a6bcf52f4750530603c01ca18a172fa3089b"
  name = "golang.org/x/sync"
  packages = ["semaphore"]
  pruneopts = "UT"
  revision = "112230192c580c3556b8cee6403af37a4fc5f28c"

[[projects]]
  digest = "1:1093f2eb4b344996604f7d8b29a16c5b22ab9e1b25652140d3fede39f640d5cd"
  name = "golang.org/x/text"
  packages = [
    "internal/gen",
    "internal/triegen",
    "internal/ucd",
    "transform",
    "unicode/cldr",
    "unicode/norm",
  ]
  pruneopts = "UT"
  revision = "342b2e1fbaa52c93f31447ad2c6abc048c63e475"
  version = "v0.3.2"

[[projects]]
  branch = "master"
  digest = "1:d9d3a231c70b17470fc134900032da48d5c146f0f4a2ce12ceb92704dae8d67d"
  name = "golang.org/x/xerrors"
  packages = [
    ".",
    "internal",
  ]
  pruneopts = "UT"
  revision = "1f06c39b43733b74392b1972507822714ced3242"

[solve-meta]
  analyzer-name = "dep"
  analyzer-version = 1
  input-imports = [
    "bitbucket.org/creachadair/jrpc2",
    "bitbucket.org/creachadair/jrpc2/channel",
    "bitbucket.org/creachadair/jrpc2/code",
    "bitbucket.org/creachadair/jrpc2/handler",
    "bitbucket.org/creachadair/jrpc2/metrics",
    "bitbucket.org/creachadair/jrpc2/server",
    "github.com/davecgh/go-spew/spew",
    "github.com/hashicorp/hcl2/hcl",
    "github.com/hashicorp/hcl2/hcl/hclsyntax",
    "github.com/hashicorp/terraform/configs",
    "github.com/sourcegraph/go-lsp",
    "github.com/sourcegraph/jsonrpc2",
    "github.com/zclconf/go-cty/cty",
  ]
  solver-name = "gps-cdcl"
  solver-version = 1
